
Microsoft Visual Studio Solution File, Format Version 12.00
# Visual Studio Version 17
VisualStudioVersion = 17.9.34701.34
MinimumVisualStudioVersion = 10.0.40219.1
Project("{FAE04EC0-301F-11D3-BF4B-00C04F79EFBC}") = "Teste", "Teste\Teste.csproj", "{CFD9CCB7-5272-4591-8C17-804B73B392BF}"
EndProject
Global
	GlobalSection(SolutionConfigurationPlatforms) = preSolution
		Debug|Any CPU = Debug|Any CPU
		Release|Any CPU = Release|Any CPU
	EndGlobalSection
	GlobalSection(ProjectConfigurationPlatforms) = postSolution
		{CFD9CCB7-5272-4591-8C17-804B73B392BF}.Debug|Any CPU.ActiveCfg = Debug|Any CPU
		{CFD9CCB7-5272-4591-8C17-804B73B392BF}.Debug|Any CPU.Build.0 = Debug|Any CPU
		{CFD9CCB7-5272-4591-8C17-804B73B392BF}.Release|Any CPU.ActiveCfg = Release|Any CPU
		{CFD9CCB7-5272-4591-8C17-804B73B392BF}.Release|Any CPU.Build.0 = Release|Any CPU
	EndGlobalSection
	GlobalSection(SolutionProperties) = preSolution
		HideSolutionNode = FALSE
	EndGlobalSection
	GlobalSection(ExtensibilityGlobals) = postSolution
		SolutionGuid = {0AC7D62C-B531-466B-9139-5518B2564B93}
	EndGlobalSection
EndGlobal
